
Microsoft Visual Studio Solution File, Format Version 12.00
# Visual Studio 15
VisualStudioVersion = 15.0.28010.2050
MinimumVisualStudioVersion = 10.0.40219.1
Project("{9A19103F-16F7-4668-BE54-9A1E7A4F7556}") = "CSC481", "CSC481\CSC481.csproj", "{2CD723B7-D891-46BD-A178-DC616FE375AD}"
EndProject
Project("{9A19103F-16F7-4668-BE54-9A1E7A4F7556}") = "HotelData", "HotelData\HotelData.csproj", "{0DD59E40-5AE5-45E5-9F11-CDE5F94E3658}"
EndProject
Project("{9A19103F-16F7-4668-BE54-9A1E7A4F7556}") = "HotelServices", "HotelServices\HotelServices.csproj", "{5518AEC6-BC94-4EDF-AAF9-09C558E87E4A}"
EndProject
Global
	GlobalSection(SolutionConfigurationPlatforms) = preSolution
		Debug|Any CPU = Debug|Any CPU
		Release|Any CPU = Release|Any CPU
	EndGlobalSection
	GlobalSection(ProjectConfigurationPlatforms) = postSolution
		{2CD723B7-D891-46BD-A178-DC616FE375AD}.Debug|Any CPU.ActiveCfg = Debug|Any CPU
		{2CD723B7-D891-46BD-A178-DC616FE375AD}.Debug|Any CPU.Build.0 = Debug|Any CPU
		{2CD723B7-D891-46BD-A178-DC616FE375AD}.Release|Any CPU.ActiveCfg = Release|Any CPU
		{2CD723B7-D891-46BD-A178-DC616FE375AD}.Release|Any CPU.Build.0 = Release|Any CPU
		{0DD59E40-5AE5-45E5-9F11-CDE5F94E3658}.Debug|Any CPU.ActiveCfg = Debug|Any CPU
		{0DD59E40-5AE5-45E5-9F11-CDE5F94E3658}.Debug|Any CPU.Build.0 = Debug|Any CPU
		{0DD59E40-5AE5-45E5-9F11-CDE5F94E3658}.Release|Any CPU.ActiveCfg = Release|Any CPU
		{0DD59E40-5AE5-45E5-9F11-CDE5F94E3658}.Release|Any CPU.Build.0 = Release|Any CPU
		{5518AEC6-BC94-4EDF-AAF9-09C558E87E4A}.Debug|Any CPU.ActiveCfg = Debug|Any CPU
		{5518AEC6-BC94-4EDF-AAF9-09C558E87E4A}.Debug|Any CPU.Build.0 = Debug|Any CPU
		{5518AEC6-BC94-4EDF-AAF9-09C558E87E4A}.Release|Any CPU.ActiveCfg = Release|Any CPU
		{5518AEC6-BC94-4EDF-AAF9-09C558E87E4A}.Release|Any CPU.Build.0 = Release|Any CPU
	EndGlobalSection
	GlobalSection(SolutionProperties) = preSolution
		HideSolutionNode = FALSE
	EndGlobalSection
	GlobalSection(ExtensibilityGlobals) = postSolution
		SolutionGuid = {C34F09BB-F849-4ECB-BC46-AE67D8C62C9D}
	EndGlobalSection
EndGlobal
